
Microsoft Visual Studio Solution File, Format Version 12.00
# Visual Studio Version 16
VisualStudioVersion = 16.0.31702.278
MinimumVisualStudioVersion = 10.0.40219.1
Project("{FAE04EC0-301F-11D3-BF4B-00C04F79EFBC}") = "Reverseword", "Reverseword\Reverseword.csproj", "{B20363C0-1020-471A-8EC1-C5A47C9F984E}"
EndProject
Global
	GlobalSection(SolutionConfigurationPlatforms) = preSolution
		Debug|Any CPU = Debug|Any CPU
		Release|Any CPU = Release|Any CPU
	EndGlobalSection
	GlobalSection(ProjectConfigurationPlatforms) = postSolution
		{B20363C0-1020-471A-8EC1-C5A47C9F984E}.Debug|Any CPU.ActiveCfg = Debug|Any CPU
		{B20363C0-1020-471A-8EC1-C5A47C9F984E}.Debug|Any CPU.Build.0 = Debug|Any CPU
		{B20363C0-1020-471A-8EC1-C5A47C9F984E}.Release|Any CPU.ActiveCfg = Release|Any CPU
		{B20363C0-1020-471A-8EC1-C5A47C9F984E}.Release|Any CPU.Build.0 = Release|Any CPU
	EndGlobalSection
	GlobalSection(SolutionProperties) = preSolution
		HideSolutionNode = FALSE
	EndGlobalSection
	GlobalSection(ExtensibilityGlobals) = postSolution
		SolutionGuid = {EECC829A-5296-4D3C-AC54-8C491B5010B3}
	EndGlobalSection
EndGlobal
